
Microsoft Visual Studio Solution File, Format Version 12.00
# Visual Studio Version 17
VisualStudioVersion = 17.14.37111.16 d17.14
MinimumVisualStudioVersion = 10.0.40219.1
Project("{FAE04EC0-301F-11D3-BF4B-00C04F79EFBC}") = "HeroArena", "HeroArena\HeroArena.csproj", "{91A6DC16-6A1D-4D2B-BB21-B1B033BF1492}"
EndProject
Global
	GlobalSection(SolutionConfigurationPlatforms) = preSolution
		Debug|Any CPU = Debug|Any CPU
		Release|Any CPU = Release|Any CPU
	EndGlobalSection
	GlobalSection(ProjectConfigurationPlatforms) = postSolution
		{91A6DC16-6A1D-4D2B-BB21-B1B033BF1492}.Debug|Any CPU.ActiveCfg = Debug|Any CPU
		{91A6DC16-6A1D-4D2B-BB21-B1B033BF1492}.Debug|Any CPU.Build.0 = Debug|Any CPU
		{91A6DC16-6A1D-4D2B-BB21-B1B033BF1492}.Release|Any CPU.ActiveCfg = Release|Any CPU
		{91A6DC16-6A1D-4D2B-BB21-B1B033BF1492}.Release|Any CPU.Build.0 = Release|Any CPU
	EndGlobalSection
	GlobalSection(SolutionProperties) = preSolution
		HideSolutionNode = FALSE
	EndGlobalSection
	GlobalSection(ExtensibilityGlobals) = postSolution
		SolutionGuid = {0B972D5A-BE73-4557-BA12-8039A6B9A760}
	EndGlobalSection
EndGlobal
